PODS:
  - AMap3DMap (11.2.100):
    - AMapFoundation (>= 1.9.0)
  - amap_map (1.0.0):
    - AMap3DMap
    - AMapSearch (= 9.8.1)
    - Flutter
  - AMapFoundation (1.9.1)
  - AMapSearch (9.8.1):
    - AMapFoundation (>= 1.9.0)
  - Flutter (1.0.0)

DEPENDENCIES:
  - amap_map (from `.symlinks/plugins/amap_map/ios`)
  - Flutter (from `Flutter`)

SPEC REPOS:
  trunk:
    - AMap3DMap
    - AMapFoundation
    - AMapSearch

EXTERNAL SOURCES:
  amap_map:
    :path: ".symlinks/plugins/amap_map/ios"
  Flutter:
    :path: Flutter

SPEC CHECKSUMS:
  AMap3DMap: 4718171fccb20e827d48ce9cefb20d67f35441f1
  amap_map: 81f90145be5213797bf9c062009845d4108a2f5d
  AMapFoundation: 8c511ce0584873bc6febb071365b2bfd62ce4a11
  AMapSearch: bbbaa101ed94f3b51ab3a867d030a5336555138e
  Flutter: 71a624a5bc0c04062bf19101d501e466baf2fb47

PODFILE CHECKSUM: 5e6838852cb965046aea7206d2801f7cad357e2d

COCOAPODS: 1.16.2
